
Microsoft Visual Studio Solution File, Format Version 12.00
# Visual Studio Version 17
VisualStudioVersion = 17.0.31903.59
MinimumVisualStudioVersion = 10.0.40219.1
Project("{2150E333-8FDC-42A3-9474-1A3956D46DE8}") = "src", "src", "{A7772D96-73BB-4CA9-AA56-A6083767F27F}"
EndProject
Project("{2150E333-8FDC-42A3-9474-1A3956D46DE8}") = "tests", "tests", "{F832D709-0CCC-4B14-976A-467167944BAE}"
EndProject
Project("{9A19103F-16F7-4668-BE54-9A1E7A4F7556}") = "Assimalign.OGraph.Tests", "tests\Assimalign.OGraph.Tests\Assimalign.OGraph.Tests.csproj", "{82D0510F-8CE0-4F0F-A944-7B2C93052F9A}"
EndProject
Project("{2150E333-8FDC-42A3-9474-1A3956D46DE8}") = "build", "build", "{A021F04F-95F4-4DA2-8C8C-9A212C501C0F}"
	ProjectSection(SolutionItems) = preProject
		Directory.Build.props = Directory.Build.props
	EndProjectSection
EndProject
Project("{2150E333-8FDC-42A3-9474-1A3956D46DE8}") = "docs", "docs", "{B591E55A-171A-4AE8-92DF-88A6678CC785}"
	ProjectSection(SolutionItems) = preProject
		README.md = README.md
	EndProjectSection
EndProject
Project("{9A19103F-16F7-4668-BE54-9A1E7A4F7556}") = "Assimalign.OGraph.Client", "src\Assimalign.OGraph.Client\Assimalign.OGraph.Client.csproj", "{EF05D245-AB7A-478E-94F6-1C05D8A9C9FF}"
EndProject
Project("{2150E333-8FDC-42A3-9474-1A3956D46DE8}") = "benchmark", "benchmark", "{BB314F4C-A0B7-4861-BA8A-DA7C9831566E}"
EndProject
Project("{9A19103F-16F7-4668-BE54-9A1E7A4F7556}") = "Assimalign.OGraph.Security", "src\Assimalign.OGraph.Security\Assimalign.OGraph.Security.csproj", "{41649C17-C42C-4C8D-8F78-A0F1F7D2D7EC}"
EndProject
Project("{9A19103F-16F7-4668-BE54-9A1E7A4F7556}") = "Assimalign.OGraph.AspNetCore.App", "benchmark\Assimalign.OGraph.AspNetCore.App\Assimalign.OGraph.AspNetCore.App.csproj", "{96C5228B-9A5A-48B7-B384-FF62E10ED237}"
EndProject
Project("{9A19103F-16F7-4668-BE54-9A1E7A4F7556}") = "Assimalign.OGraph.AspNetCore", "benchmark\Assimalign.OGraph.AspNetCore\Assimalign.OGraph.AspNetCore.csproj", "{A4840505-083C-48C0-A93D-410027661194}"
EndProject
Project("{2150E333-8FDC-42A3-9474-1A3956D46DE8}") = "sample", "sample", "{282449FB-DCA3-46D6-A2C1-A9A812B0A115}"
EndProject
Project("{9A19103F-16F7-4668-BE54-9A1E7A4F7556}") = "Assimalign.ErpCore", "sample\Assimalign.ErpCore\Assimalign.ErpCore.csproj", "{734BBBC6-362E-4BDE-AA57-D2ABC644677D}"
EndProject
Project("{9A19103F-16F7-4668-BE54-9A1E7A4F7556}") = "Assimalign.OGraph.Gdm", "src\Assimalign.OGraph.Gdm\Assimalign.OGraph.Gdm.csproj", "{85C4C9FD-6209-4535-AA60-B37B828B1F81}"
EndProject
Project("{9A19103F-16F7-4668-BE54-9A1E7A4F7556}") = "Assimalign.OGraph.Syntax", "src\Assimalign.OGraph.Syntax\Assimalign.OGraph.Syntax.csproj", "{33FB66DD-E773-4357-BD41-694B48EE1892}"
EndProject
Project("{9A19103F-16F7-4668-BE54-9A1E7A4F7556}") = "Assimalign.OGraph.Old", "src\Assimalign.OGraph.Old\Assimalign.OGraph.Old.csproj", "{2D10856D-F951-4A21-A413-19BBD338C5D8}"
EndProject
Project("{2150E333-8FDC-42A3-9474-1A3956D46DE8}") = "old", "old", "{B6EB5B71-BD85-45B8-9469-032412F58845}"
EndProject
Project("{FAE04EC0-301F-11D3-BF4B-00C04F79EFBC}") = "Assimalign.OGraph", "src\Assimalign.OGraph\Assimalign.OGraph.csproj", "{73BD58E1-449C-4A60-BC56-14EA7C8E110B}"
EndProject
Project("{9A19103F-16F7-4668-BE54-9A1E7A4F7556}") = "Assimalign.OGraph.Server", "src\Assimalign.OGraph.Server\Assimalign.OGraph.Server.csproj", "{9E11B1F1-6A1F-4A67-8BA0-7A463807B5EA}"
EndProject
Global
	GlobalSection(SolutionConfigurationPlatforms) = preSolution
		Debug|Any CPU = Debug|Any CPU
		Release|Any CPU = Release|Any CPU
	EndGlobalSection
	GlobalSection(ProjectConfigurationPlatforms) = postSolution
		{82D0510F-8CE0-4F0F-A944-7B2C93052F9A}.Debug|Any CPU.ActiveCfg = Debug|Any CPU
		{82D0510F-8CE0-4F0F-A944-7B2C93052F9A}.Debug|Any CPU.Build.0 = Debug|Any CPU
		{82D0510F-8CE0-4F0F-A944-7B2C93052F9A}.Release|Any CPU.ActiveCfg = Release|Any CPU
		{82D0510F-8CE0-4F0F-A944-7B2C93052F9A}.Release|Any CPU.Build.0 = Release|Any CPU
		{EF05D245-AB7A-478E-94F6-1C05D8A9C9FF}.Debug|Any CPU.ActiveCfg = Debug|Any CPU
		{EF05D245-AB7A-478E-94F6-1C05D8A9C9FF}.Debug|Any CPU.Build.0 = Debug|Any CPU
		{EF05D245-AB7A-478E-94F6-1C05D8A9C9FF}.Release|Any CPU.ActiveCfg = Release|Any CPU
		{EF05D245-AB7A-478E-94F6-1C05D8A9C9FF}.Release|Any CPU.Build.0 = Release|Any CPU
		{41649C17-C42C-4C8D-8F78-A0F1F7D2D7EC}.Debug|Any CPU.ActiveCfg = Debug|Any CPU
		{41649C17-C42C-4C8D-8F78-A0F1F7D2D7EC}.Debug|Any CPU.Build.0 = Debug|Any CPU
		{41649C17-C42C-4C8D-8F78-A0F1F7D2D7EC}.Release|Any CPU.ActiveCfg = Release|Any CPU
		{41649C17-C42C-4C8D-8F78-A0F1F7D2D7EC}.Release|Any CPU.Build.0 = Release|Any CPU
		{96C5228B-9A5A-48B7-B384-FF62E10ED237}.Debug|Any CPU.ActiveCfg = Debug|Any CPU
		{96C5228B-9A5A-48B7-B384-FF62E10ED237}.Debug|Any CPU.Build.0 = Debug|Any CPU
		{96C5228B-9A5A-48B7-B384-FF62E10ED237}.Release|Any CPU.ActiveCfg = Release|Any CPU
		{96C5228B-9A5A-48B7-B384-FF62E10ED237}.Release|Any CPU.Build.0 = Release|Any CPU
		{A4840505-083C-48C0-A93D-410027661194}.Debug|Any CPU.ActiveCfg = Debug|Any CPU
		{A4840505-083C-48C0-A93D-410027661194}.Debug|Any CPU.Build.0 = Debug|Any CPU
		{A4840505-083C-48C0-A93D-410027661194}.Release|Any CPU.ActiveCfg = Release|Any CPU
		{A4840505-083C-48C0-A93D-410027661194}.Release|Any CPU.Build.0 = Release|Any CPU
		{734BBBC6-362E-4BDE-AA57-D2ABC644677D}.Debug|Any CPU.ActiveCfg = Debug|Any CPU
		{734BBBC6-362E-4BDE-AA57-D2ABC644677D}.Debug|Any CPU.Build.0 = Debug|Any CPU
		{734BBBC6-362E-4BDE-AA57-D2ABC644677D}.Release|Any CPU.ActiveCfg = Release|Any CPU
		{734BBBC6-362E-4BDE-AA57-D2ABC644677D}.Release|Any CPU.Build.0 = Release|Any CPU
		{85C4C9FD-6209-4535-AA60-B37B828B1F81}.Debug|Any CPU.ActiveCfg = Debug|Any CPU
		{85C4C9FD-6209-4535-AA60-B37B828B1F81}.Debug|Any CPU.Build.0 = Debug|Any CPU
		{85C4C9FD-6209-4535-AA60-B37B828B1F81}.Release|Any CPU.ActiveCfg = Release|Any CPU
		{85C4C9FD-6209-4535-AA60-B37B828B1F81}.Release|Any CPU.Build.0 = Release|Any CPU
		{33FB66DD-E773-4357-BD41-694B48EE1892}.Debug|Any CPU.ActiveCfg = Debug|Any CPU
		{33FB66DD-E773-4357-BD41-694B48EE1892}.Debug|Any CPU.Build.0 = Debug|Any CPU
		{33FB66DD-E773-4357-BD41-694B48EE1892}.Release|Any CPU.ActiveCfg = Release|Any CPU
		{33FB66DD-E773-4357-BD41-694B48EE1892}.Release|Any CPU.Build.0 = Release|Any CPU
		{2D10856D-F951-4A21-A413-19BBD338C5D8}.Debug|Any CPU.ActiveCfg = Debug|Any CPU
		{2D10856D-F951-4A21-A413-19BBD338C5D8}.Debug|Any CPU.Build.0 = Debug|Any CPU
		{2D10856D-F951-4A21-A413-19BBD338C5D8}.Release|Any CPU.ActiveCfg = Release|Any CPU
		{2D10856D-F951-4A21-A413-19BBD338C5D8}.Release|Any CPU.Build.0 = Release|Any CPU
		{73BD58E1-449C-4A60-BC56-14EA7C8E110B}.Debug|Any CPU.ActiveCfg = Debug|Any CPU
		{73BD58E1-449C-4A60-BC56-14EA7C8E110B}.Debug|Any CPU.Build.0 = Debug|Any CPU
		{73BD58E1-449C-4A60-BC56-14EA7C8E110B}.Release|Any CPU.ActiveCfg = Release|Any CPU
		{73BD58E1-449C-4A60-BC56-14EA7C8E110B}.Release|Any CPU.Build.0 = Release|Any CPU
		{9E11B1F1-6A1F-4A67-8BA0-7A463807B5EA}.Debug|Any CPU.ActiveCfg = Debug|Any CPU
		{9E11B1F1-6A1F-4A67-8BA0-7A463807B5EA}.Debug|Any CPU.Build.0 = Debug|Any CPU
		{9E11B1F1-6A1F-4A67-8BA0-7A463807B5EA}.Release|Any CPU.ActiveCfg = Release|Any CPU
		{9E11B1F1-6A1F-4A67-8BA0-7A463807B5EA}.Release|Any CPU.Build.0 = Release|Any CPU
	EndGlobalSection
	GlobalSection(SolutionProperties) = preSolution
		HideSolutionNode = FALSE
	EndGlobalSection
	GlobalSection(NestedProjects) = preSolution
		{82D0510F-8CE0-4F0F-A944-7B2C93052F9A} = {F832D709-0CCC-4B14-976A-467167944BAE}
		{EF05D245-AB7A-478E-94F6-1C05D8A9C9FF} = {A7772D96-73BB-4CA9-AA56-A6083767F27F}
		{41649C17-C42C-4C8D-8F78-A0F1F7D2D7EC} = {A7772D96-73BB-4CA9-AA56-A6083767F27F}
		{96C5228B-9A5A-48B7-B384-FF62E10ED237} = {BB314F4C-A0B7-4861-BA8A-DA7C9831566E}
		{A4840505-083C-48C0-A93D-410027661194} = {BB314F4C-A0B7-4861-BA8A-DA7C9831566E}
		{734BBBC6-362E-4BDE-AA57-D2ABC644677D} = {282449FB-DCA3-46D6-A2C1-A9A812B0A115}
		{85C4C9FD-6209-4535-AA60-B37B828B1F81} = {A7772D96-73BB-4CA9-AA56-A6083767F27F}
		{33FB66DD-E773-4357-BD41-694B48EE1892} = {A7772D96-73BB-4CA9-AA56-A6083767F27F}
		{2D10856D-F951-4A21-A413-19BBD338C5D8} = {B6EB5B71-BD85-45B8-9469-032412F58845}
		{B6EB5B71-BD85-45B8-9469-032412F58845} = {A7772D96-73BB-4CA9-AA56-A6083767F27F}
		{73BD58E1-449C-4A60-BC56-14EA7C8E110B} = {A7772D96-73BB-4CA9-AA56-A6083767F27F}
		{9E11B1F1-6A1F-4A67-8BA0-7A463807B5EA} = {A7772D96-73BB-4CA9-AA56-A6083767F27F}
	EndGlobalSection
	GlobalSection(ExtensibilityGlobals) = postSolution
		SolutionGuid = {64E79EA5-8DCB-4919-BA27-1A5EB89F839B}
	EndGlobalSection
EndGlobal
