
Microsoft Visual Studio Solution File, Format Version 12.00
# Visual Studio Version 17
VisualStudioVersion = 17.0.31903.59
MinimumVisualStudioVersion = 10.0.40219.1
Project("{2150E333-8FDC-42A3-9474-1A3956D46DE8}") = "Docs", "Docs", "{B591E55A-171A-4AE8-92DF-88A6678CC785}"
	ProjectSection(SolutionItems) = preProject
		README.md = README.md
	EndProjectSection
EndProject
Project("{2150E333-8FDC-42A3-9474-1A3956D46DE8}") = "Samples", "Samples", "{282449FB-DCA3-46D6-A2C1-A9A812B0A115}"
EndProject
Project("{2150E333-8FDC-42A3-9474-1A3956D46DE8}") = "Libraries", "Libraries", "{12CC0A09-6189-4302-968D-0CDA98F5EE51}"
	ProjectSection(SolutionItems) = preProject
		libraries\Directory.Build.props = libraries\Directory.Build.props
		libraries\Directory.Build.targets = libraries\Directory.Build.targets
	EndProjectSection
EndProject
Project("{2150E333-8FDC-42A3-9474-1A3956D46DE8}") = "Core", "Core", "{9ABC1EEE-596B-4ED4-B693-9F5BFC81A9C7}"
EndProject
Project("{2150E333-8FDC-42A3-9474-1A3956D46DE8}") = "src", "src", "{DD891F80-46CB-4E53-9EDC-2D59A42CE221}"
EndProject
Project("{9A19103F-16F7-4668-BE54-9A1E7A4F7556}") = "Assimalign.OGraph", "libraries\Core\src\Assimalign.OGraph\Assimalign.OGraph.csproj", "{F8ECCF84-1FEA-4D2D-B49B-4380A970BE1C}"
EndProject
Project("{2150E333-8FDC-42A3-9474-1A3956D46DE8}") = "Client", "Client", "{5D4FD37C-E267-43EC-84A4-CCFBC8720256}"
EndProject
Project("{2150E333-8FDC-42A3-9474-1A3956D46DE8}") = "src", "src", "{A01A00A4-6A05-4B12-8782-1C9BFBFA4E60}"
EndProject
Project("{9A19103F-16F7-4668-BE54-9A1E7A4F7556}") = "Assimalign.OGraph.Client", "libraries\Client\src\Assimalign.OGraph.Client\Assimalign.OGraph.Client.csproj", "{6F8E7171-98AE-43C5-875B-D3FA0CC3F7BD}"
EndProject
Project("{2150E333-8FDC-42A3-9474-1A3956D46DE8}") = "Gdm", "Gdm", "{686F38BE-47A6-4EEA-AF73-EA04666C16D5}"
EndProject
Project("{2150E333-8FDC-42A3-9474-1A3956D46DE8}") = "src", "src", "{4D29CE3D-0A22-47C7-8F49-965DD167D4A1}"
EndProject
Project("{9A19103F-16F7-4668-BE54-9A1E7A4F7556}") = "Assimalign.OGraph.Gdm", "libraries\Gdm\src\Assimalign.OGraph.Gdm\Assimalign.OGraph.Gdm.csproj", "{7C10D79F-F2CB-4B50-83D9-5F77AC92F36E}"
EndProject
Project("{2150E333-8FDC-42A3-9474-1A3956D46DE8}") = "Server", "Server", "{0F0E4D56-C261-4B3E-A02C-C302CB68E34B}"
EndProject
Project("{2150E333-8FDC-42A3-9474-1A3956D46DE8}") = "src", "src", "{A3843BA6-4359-410A-B2BF-5F017722D548}"
EndProject
Project("{9A19103F-16F7-4668-BE54-9A1E7A4F7556}") = "Assimalign.OGraph.Server", "libraries\Server\src\Assimalign.OGraph.Server\Assimalign.OGraph.Server.csproj", "{6CFB039D-802C-4678-8E3C-9FC2D63A413F}"
EndProject
Project("{2150E333-8FDC-42A3-9474-1A3956D46DE8}") = "Syntax", "Syntax", "{D5C5EA91-3BCC-42DD-A94A-8D259925E997}"
EndProject
Project("{2150E333-8FDC-42A3-9474-1A3956D46DE8}") = "src", "src", "{0DF4A1A1-B6DA-40CF-BD3D-A01EF9F91C11}"
EndProject
Project("{9A19103F-16F7-4668-BE54-9A1E7A4F7556}") = "Assimalign.OGraph.Syntax", "libraries\Syntax\src\Assimalign.OGraph.Syntax\Assimalign.OGraph.Syntax.csproj", "{288A01F8-A7E3-480B-9D06-46984DAEFE53}"
EndProject
Project("{2150E333-8FDC-42A3-9474-1A3956D46DE8}") = "tests", "tests", "{92EC304E-EB95-4F91-9B56-8F0353698B62}"
EndProject
Project("{9A19103F-16F7-4668-BE54-9A1E7A4F7556}") = "Assimalign.OGraph.Gdm.Tests", "libraries\Gdm\tests\Assimalign.OGraph.Gdm.Tests\Assimalign.OGraph.Gdm.Tests.csproj", "{325917BD-457F-4431-841A-B2806599B7FF}"
EndProject
Project("{2150E333-8FDC-42A3-9474-1A3956D46DE8}") = "tests", "tests", "{87A6AAD8-A1FD-4D88-9F1B-79AEF43DA7D4}"
EndProject
Project("{9A19103F-16F7-4668-BE54-9A1E7A4F7556}") = "Assimalign.OGraph.Syntax.Tests", "libraries\Syntax\tests\Assimalign.OGraph.Syntax.Tests\Assimalign.OGraph.Syntax.Tests.csproj", "{3C234671-73F7-4662-B82E-55ED802EFFCF}"
EndProject
Project("{2150E333-8FDC-42A3-9474-1A3956D46DE8}") = "tests", "tests", "{A2C7E161-7B22-40F5-86D4-713808F5618C}"
EndProject
Project("{9A19103F-16F7-4668-BE54-9A1E7A4F7556}") = "Assimalign.OGraph.Server.Tests", "libraries\Server\tests\Assimalign.OGraph.Server.Tests\Assimalign.OGraph.Server.Tests.csproj", "{34378708-2E53-412C-A551-9C32960FBAD6}"
EndProject
Project("{2150E333-8FDC-42A3-9474-1A3956D46DE8}") = "tests", "tests", "{F29063B7-CF9D-47FD-AB8E-EAECD4F8E707}"
EndProject
Project("{9A19103F-16F7-4668-BE54-9A1E7A4F7556}") = "Assimalign.OGraph.Client.Tests", "libraries\Client\tests\Assimalign.OGraph.Client.Tests\Assimalign.OGraph.Client.Tests.csproj", "{8D24A356-D4E5-43AA-BB2F-70B7DEAA401A}"
EndProject
Project("{9A19103F-16F7-4668-BE54-9A1E7A4F7556}") = "Assimalign.OGraph.Core", "libraries\Core\src\Assimalign.OGraph.Core\Assimalign.OGraph.Core.csproj", "{B3E9DEAE-F3C2-40A1-AAF7-61ACAA4A5E18}"
EndProject
Project("{2150E333-8FDC-42A3-9474-1A3956D46DE8}") = "Events", "Events", "{C6AC650D-88DE-44B6-8920-6DF25EA80523}"
EndProject
Project("{2150E333-8FDC-42A3-9474-1A3956D46DE8}") = "src", "src", "{5F18EFF6-6D8E-4658-ACB7-9A9264DA72D6}"
EndProject
Project("{2150E333-8FDC-42A3-9474-1A3956D46DE8}") = "tests", "tests", "{8A6ED456-256F-4AD3-B975-AFC1B610D531}"
EndProject
Project("{2150E333-8FDC-42A3-9474-1A3956D46DE8}") = "Analyzers", "Analyzers", "{BF95EB9C-4DF3-464B-8FFF-04D5FFBF8551}"
EndProject
Project("{2150E333-8FDC-42A3-9474-1A3956D46DE8}") = "Codegen", "Codegen", "{4B8D4488-2324-4207-965C-36FC6CAB7915}"
EndProject
Project("{2150E333-8FDC-42A3-9474-1A3956D46DE8}") = "docs", "docs", "{F0C90EB6-284F-4E56-B666-A6BE6CDAB51D}"
EndProject
Project("{2150E333-8FDC-42A3-9474-1A3956D46DE8}") = "src", "src", "{DEF0B671-F785-4E5D-BCF6-519C2CCD3011}"
EndProject
Project("{9A19103F-16F7-4668-BE54-9A1E7A4F7556}") = "Assimalign.OGraph.Codegen", "libraries\Codegen\src\Assimalign.OGraph.Codegen\Assimalign.OGraph.Codegen.csproj", "{31C8CF09-8AEC-468F-BFC0-74127F901421}"
EndProject
Project("{2150E333-8FDC-42A3-9474-1A3956D46DE8}") = "tests", "tests", "{D0A36470-AEEC-43B7-A22C-2B7C7D4CEC1F}"
EndProject
Project("{2150E333-8FDC-42A3-9474-1A3956D46DE8}") = ".Github", ".Github", "{5AB44139-4255-4983-9AFB-E267781CC73D}"
	ProjectSection(SolutionItems) = preProject
		.github\workflows\ograph-client.yml = .github\workflows\ograph-client.yml
		.github\workflows\ograph-core.yml = .github\workflows\ograph-core.yml
		.github\workflows\ograph-gdm.yml = .github\workflows\ograph-gdm.yml
		.github\workflows\ograph-server.yml = .github\workflows\ograph-server.yml
		.github\workflows\ograph-syntax.yml = .github\workflows\ograph-syntax.yml
	EndProjectSection
EndProject
Project("{9A19103F-16F7-4668-BE54-9A1E7A4F7556}") = "Assimalign.OGraph.Gdm.JsonSchema", "libraries\Gdm\src\Assimalign.OGraph.Gdm.JsonSchema\Assimalign.OGraph.Gdm.JsonSchema.csproj", "{6E21B1B3-6BE3-4673-B363-DBA649093D4B}"
EndProject
Project("{9A19103F-16F7-4668-BE54-9A1E7A4F7556}") = "Assimalign.OGraph.Gdm.XmlSchema", "libraries\Gdm\src\Assimalign.OGraph.Gdm.XmlSchema\Assimalign.OGraph.Gdm.XmlSchema.csproj", "{E67FEA6E-4AAE-41AD-8CC7-B53E9FC2D4C5}"
EndProject
Project("{9A19103F-16F7-4668-BE54-9A1E7A4F7556}") = "Erp", "sample\Erp\Erp.csproj", "{D740D571-2482-4174-A8DE-FB08BB51B6F9}"
EndProject
Project("{FAE04EC0-301F-11D3-BF4B-00C04F79EFBC}") = "Erp.OGraph", "sample\Erp.OGraph\Erp.OGraph.csproj", "{FFBCB9D5-78BC-43B2-B205-5D97A457C9D8}"
EndProject
Global
	GlobalSection(SolutionConfigurationPlatforms) = preSolution
		Debug|Any CPU = Debug|Any CPU
		Release|Any CPU = Release|Any CPU
	EndGlobalSection
	GlobalSection(ProjectConfigurationPlatforms) = postSolution
		{F8ECCF84-1FEA-4D2D-B49B-4380A970BE1C}.Debug|Any CPU.ActiveCfg = Debug|Any CPU
		{F8ECCF84-1FEA-4D2D-B49B-4380A970BE1C}.Debug|Any CPU.Build.0 = Debug|Any CPU
		{F8ECCF84-1FEA-4D2D-B49B-4380A970BE1C}.Release|Any CPU.ActiveCfg = Release|Any CPU
		{F8ECCF84-1FEA-4D2D-B49B-4380A970BE1C}.Release|Any CPU.Build.0 = Release|Any CPU
		{6F8E7171-98AE-43C5-875B-D3FA0CC3F7BD}.Debug|Any CPU.ActiveCfg = Debug|Any CPU
		{6F8E7171-98AE-43C5-875B-D3FA0CC3F7BD}.Debug|Any CPU.Build.0 = Debug|Any CPU
		{6F8E7171-98AE-43C5-875B-D3FA0CC3F7BD}.Release|Any CPU.ActiveCfg = Release|Any CPU
		{6F8E7171-98AE-43C5-875B-D3FA0CC3F7BD}.Release|Any CPU.Build.0 = Release|Any CPU
		{7C10D79F-F2CB-4B50-83D9-5F77AC92F36E}.Debug|Any CPU.ActiveCfg = Debug|Any CPU
		{7C10D79F-F2CB-4B50-83D9-5F77AC92F36E}.Debug|Any CPU.Build.0 = Debug|Any CPU
		{7C10D79F-F2CB-4B50-83D9-5F77AC92F36E}.Release|Any CPU.ActiveCfg = Release|Any CPU
		{7C10D79F-F2CB-4B50-83D9-5F77AC92F36E}.Release|Any CPU.Build.0 = Release|Any CPU
		{6CFB039D-802C-4678-8E3C-9FC2D63A413F}.Debug|Any CPU.ActiveCfg = Debug|Any CPU
		{6CFB039D-802C-4678-8E3C-9FC2D63A413F}.Debug|Any CPU.Build.0 = Debug|Any CPU
		{6CFB039D-802C-4678-8E3C-9FC2D63A413F}.Release|Any CPU.ActiveCfg = Release|Any CPU
		{6CFB039D-802C-4678-8E3C-9FC2D63A413F}.Release|Any CPU.Build.0 = Release|Any CPU
		{288A01F8-A7E3-480B-9D06-46984DAEFE53}.Debug|Any CPU.ActiveCfg = Debug|Any CPU
		{288A01F8-A7E3-480B-9D06-46984DAEFE53}.Debug|Any CPU.Build.0 = Debug|Any CPU
		{288A01F8-A7E3-480B-9D06-46984DAEFE53}.Release|Any CPU.ActiveCfg = Release|Any CPU
		{288A01F8-A7E3-480B-9D06-46984DAEFE53}.Release|Any CPU.Build.0 = Release|Any CPU
		{325917BD-457F-4431-841A-B2806599B7FF}.Debug|Any CPU.ActiveCfg = Debug|Any CPU
		{325917BD-457F-4431-841A-B2806599B7FF}.Debug|Any CPU.Build.0 = Debug|Any CPU
		{325917BD-457F-4431-841A-B2806599B7FF}.Release|Any CPU.ActiveCfg = Release|Any CPU
		{325917BD-457F-4431-841A-B2806599B7FF}.Release|Any CPU.Build.0 = Release|Any CPU
		{3C234671-73F7-4662-B82E-55ED802EFFCF}.Debug|Any CPU.ActiveCfg = Debug|Any CPU
		{3C234671-73F7-4662-B82E-55ED802EFFCF}.Debug|Any CPU.Build.0 = Debug|Any CPU
		{3C234671-73F7-4662-B82E-55ED802EFFCF}.Release|Any CPU.ActiveCfg = Release|Any CPU
		{3C234671-73F7-4662-B82E-55ED802EFFCF}.Release|Any CPU.Build.0 = Release|Any CPU
		{34378708-2E53-412C-A551-9C32960FBAD6}.Debug|Any CPU.ActiveCfg = Debug|Any CPU
		{34378708-2E53-412C-A551-9C32960FBAD6}.Debug|Any CPU.Build.0 = Debug|Any CPU
		{34378708-2E53-412C-A551-9C32960FBAD6}.Release|Any CPU.ActiveCfg = Release|Any CPU
		{34378708-2E53-412C-A551-9C32960FBAD6}.Release|Any CPU.Build.0 = Release|Any CPU
		{8D24A356-D4E5-43AA-BB2F-70B7DEAA401A}.Debug|Any CPU.ActiveCfg = Debug|Any CPU
		{8D24A356-D4E5-43AA-BB2F-70B7DEAA401A}.Debug|Any CPU.Build.0 = Debug|Any CPU
		{8D24A356-D4E5-43AA-BB2F-70B7DEAA401A}.Release|Any CPU.ActiveCfg = Release|Any CPU
		{8D24A356-D4E5-43AA-BB2F-70B7DEAA401A}.Release|Any CPU.Build.0 = Release|Any CPU
		{B3E9DEAE-F3C2-40A1-AAF7-61ACAA4A5E18}.Debug|Any CPU.ActiveCfg = Debug|Any CPU
		{B3E9DEAE-F3C2-40A1-AAF7-61ACAA4A5E18}.Debug|Any CPU.Build.0 = Debug|Any CPU
		{B3E9DEAE-F3C2-40A1-AAF7-61ACAA4A5E18}.Release|Any CPU.ActiveCfg = Release|Any CPU
		{B3E9DEAE-F3C2-40A1-AAF7-61ACAA4A5E18}.Release|Any CPU.Build.0 = Release|Any CPU
		{31C8CF09-8AEC-468F-BFC0-74127F901421}.Debug|Any CPU.ActiveCfg = Debug|Any CPU
		{31C8CF09-8AEC-468F-BFC0-74127F901421}.Debug|Any CPU.Build.0 = Debug|Any CPU
		{31C8CF09-8AEC-468F-BFC0-74127F901421}.Release|Any CPU.ActiveCfg = Release|Any CPU
		{31C8CF09-8AEC-468F-BFC0-74127F901421}.Release|Any CPU.Build.0 = Release|Any CPU
		{6E21B1B3-6BE3-4673-B363-DBA649093D4B}.Debug|Any CPU.ActiveCfg = Debug|Any CPU
		{6E21B1B3-6BE3-4673-B363-DBA649093D4B}.Debug|Any CPU.Build.0 = Debug|Any CPU
		{6E21B1B3-6BE3-4673-B363-DBA649093D4B}.Release|Any CPU.ActiveCfg = Release|Any CPU
		{6E21B1B3-6BE3-4673-B363-DBA649093D4B}.Release|Any CPU.Build.0 = Release|Any CPU
		{E67FEA6E-4AAE-41AD-8CC7-B53E9FC2D4C5}.Debug|Any CPU.ActiveCfg = Debug|Any CPU
		{E67FEA6E-4AAE-41AD-8CC7-B53E9FC2D4C5}.Debug|Any CPU.Build.0 = Debug|Any CPU
		{E67FEA6E-4AAE-41AD-8CC7-B53E9FC2D4C5}.Release|Any CPU.ActiveCfg = Release|Any CPU
		{E67FEA6E-4AAE-41AD-8CC7-B53E9FC2D4C5}.Release|Any CPU.Build.0 = Release|Any CPU
		{D740D571-2482-4174-A8DE-FB08BB51B6F9}.Debug|Any CPU.ActiveCfg = Debug|Any CPU
		{D740D571-2482-4174-A8DE-FB08BB51B6F9}.Debug|Any CPU.Build.0 = Debug|Any CPU
		{D740D571-2482-4174-A8DE-FB08BB51B6F9}.Release|Any CPU.ActiveCfg = Release|Any CPU
		{D740D571-2482-4174-A8DE-FB08BB51B6F9}.Release|Any CPU.Build.0 = Release|Any CPU
		{FFBCB9D5-78BC-43B2-B205-5D97A457C9D8}.Debug|Any CPU.ActiveCfg = Debug|Any CPU
		{FFBCB9D5-78BC-43B2-B205-5D97A457C9D8}.Debug|Any CPU.Build.0 = Debug|Any CPU
		{FFBCB9D5-78BC-43B2-B205-5D97A457C9D8}.Release|Any CPU.ActiveCfg = Release|Any CPU
		{FFBCB9D5-78BC-43B2-B205-5D97A457C9D8}.Release|Any CPU.Build.0 = Release|Any CPU
	EndGlobalSection
	GlobalSection(SolutionProperties) = preSolution
		HideSolutionNode = FALSE
	EndGlobalSection
	GlobalSection(NestedProjects) = preSolution
		{9ABC1EEE-596B-4ED4-B693-9F5BFC81A9C7} = {12CC0A09-6189-4302-968D-0CDA98F5EE51}
		{DD891F80-46CB-4E53-9EDC-2D59A42CE221} = {9ABC1EEE-596B-4ED4-B693-9F5BFC81A9C7}
		{F8ECCF84-1FEA-4D2D-B49B-4380A970BE1C} = {DD891F80-46CB-4E53-9EDC-2D59A42CE221}
		{5D4FD37C-E267-43EC-84A4-CCFBC8720256} = {12CC0A09-6189-4302-968D-0CDA98F5EE51}
		{A01A00A4-6A05-4B12-8782-1C9BFBFA4E60} = {5D4FD37C-E267-43EC-84A4-CCFBC8720256}
		{6F8E7171-98AE-43C5-875B-D3FA0CC3F7BD} = {A01A00A4-6A05-4B12-8782-1C9BFBFA4E60}
		{686F38BE-47A6-4EEA-AF73-EA04666C16D5} = {12CC0A09-6189-4302-968D-0CDA98F5EE51}
		{4D29CE3D-0A22-47C7-8F49-965DD167D4A1} = {686F38BE-47A6-4EEA-AF73-EA04666C16D5}
		{7C10D79F-F2CB-4B50-83D9-5F77AC92F36E} = {4D29CE3D-0A22-47C7-8F49-965DD167D4A1}
		{0F0E4D56-C261-4B3E-A02C-C302CB68E34B} = {12CC0A09-6189-4302-968D-0CDA98F5EE51}
		{A3843BA6-4359-410A-B2BF-5F017722D548} = {0F0E4D56-C261-4B3E-A02C-C302CB68E34B}
		{6CFB039D-802C-4678-8E3C-9FC2D63A413F} = {A3843BA6-4359-410A-B2BF-5F017722D548}
		{D5C5EA91-3BCC-42DD-A94A-8D259925E997} = {12CC0A09-6189-4302-968D-0CDA98F5EE51}
		{0DF4A1A1-B6DA-40CF-BD3D-A01EF9F91C11} = {D5C5EA91-3BCC-42DD-A94A-8D259925E997}
		{288A01F8-A7E3-480B-9D06-46984DAEFE53} = {0DF4A1A1-B6DA-40CF-BD3D-A01EF9F91C11}
		{92EC304E-EB95-4F91-9B56-8F0353698B62} = {686F38BE-47A6-4EEA-AF73-EA04666C16D5}
		{325917BD-457F-4431-841A-B2806599B7FF} = {92EC304E-EB95-4F91-9B56-8F0353698B62}
		{87A6AAD8-A1FD-4D88-9F1B-79AEF43DA7D4} = {D5C5EA91-3BCC-42DD-A94A-8D259925E997}
		{3C234671-73F7-4662-B82E-55ED802EFFCF} = {87A6AAD8-A1FD-4D88-9F1B-79AEF43DA7D4}
		{A2C7E161-7B22-40F5-86D4-713808F5618C} = {0F0E4D56-C261-4B3E-A02C-C302CB68E34B}
		{34378708-2E53-412C-A551-9C32960FBAD6} = {A2C7E161-7B22-40F5-86D4-713808F5618C}
		{F29063B7-CF9D-47FD-AB8E-EAECD4F8E707} = {5D4FD37C-E267-43EC-84A4-CCFBC8720256}
		{8D24A356-D4E5-43AA-BB2F-70B7DEAA401A} = {F29063B7-CF9D-47FD-AB8E-EAECD4F8E707}
		{B3E9DEAE-F3C2-40A1-AAF7-61ACAA4A5E18} = {DD891F80-46CB-4E53-9EDC-2D59A42CE221}
		{C6AC650D-88DE-44B6-8920-6DF25EA80523} = {12CC0A09-6189-4302-968D-0CDA98F5EE51}
		{5F18EFF6-6D8E-4658-ACB7-9A9264DA72D6} = {C6AC650D-88DE-44B6-8920-6DF25EA80523}
		{8A6ED456-256F-4AD3-B975-AFC1B610D531} = {C6AC650D-88DE-44B6-8920-6DF25EA80523}
		{BF95EB9C-4DF3-464B-8FFF-04D5FFBF8551} = {12CC0A09-6189-4302-968D-0CDA98F5EE51}
		{4B8D4488-2324-4207-965C-36FC6CAB7915} = {12CC0A09-6189-4302-968D-0CDA98F5EE51}
		{F0C90EB6-284F-4E56-B666-A6BE6CDAB51D} = {686F38BE-47A6-4EEA-AF73-EA04666C16D5}
		{DEF0B671-F785-4E5D-BCF6-519C2CCD3011} = {4B8D4488-2324-4207-965C-36FC6CAB7915}
		{31C8CF09-8AEC-468F-BFC0-74127F901421} = {DEF0B671-F785-4E5D-BCF6-519C2CCD3011}
		{D0A36470-AEEC-43B7-A22C-2B7C7D4CEC1F} = {4B8D4488-2324-4207-965C-36FC6CAB7915}
		{6E21B1B3-6BE3-4673-B363-DBA649093D4B} = {4D29CE3D-0A22-47C7-8F49-965DD167D4A1}
		{E67FEA6E-4AAE-41AD-8CC7-B53E9FC2D4C5} = {4D29CE3D-0A22-47C7-8F49-965DD167D4A1}
		{D740D571-2482-4174-A8DE-FB08BB51B6F9} = {282449FB-DCA3-46D6-A2C1-A9A812B0A115}
		{FFBCB9D5-78BC-43B2-B205-5D97A457C9D8} = {282449FB-DCA3-46D6-A2C1-A9A812B0A115}
	EndGlobalSection
	GlobalSection(ExtensibilityGlobals) = postSolution
		SolutionGuid = {64E79EA5-8DCB-4919-BA27-1A5EB89F839B}
	EndGlobalSection
EndGlobal
