
Microsoft Visual Studio Solution File, Format Version 12.00
# Visual Studio Version 17
VisualStudioVersion = 17.0.31903.59
MinimumVisualStudioVersion = 10.0.40219.1
Project("{2150E333-8FDC-42A3-9474-1A3956D46DE8}") = "src", "src", "{A7772D96-73BB-4CA9-AA56-A6083767F27F}"
EndProject
Project("{2150E333-8FDC-42A3-9474-1A3956D46DE8}") = "tests", "tests", "{F832D709-0CCC-4B14-976A-467167944BAE}"
EndProject
Project("{9A19103F-16F7-4668-BE54-9A1E7A4F7556}") = "Assimalign.OGraph", "src\Assimalign.OGraph\Assimalign.OGraph.csproj", "{258EFAD1-ADC4-40CC-B04E-6DF787EC4885}"
EndProject
Project("{9A19103F-16F7-4668-BE54-9A1E7A4F7556}") = "Assimalign.OGraph.Tests", "tests\Assimalign.OGraph.Tests\Assimalign.OGraph.Tests.csproj", "{82D0510F-8CE0-4F0F-A944-7B2C93052F9A}"
EndProject
Project("{2150E333-8FDC-42A3-9474-1A3956D46DE8}") = "build", "build", "{A021F04F-95F4-4DA2-8C8C-9A212C501C0F}"
	ProjectSection(SolutionItems) = preProject
		Directory.Build.props = Directory.Build.props
	EndProjectSection
EndProject
Project("{2150E333-8FDC-42A3-9474-1A3956D46DE8}") = "docs", "docs", "{B591E55A-171A-4AE8-92DF-88A6678CC785}"
	ProjectSection(SolutionItems) = preProject
		README.md = README.md
	EndProjectSection
EndProject
Project("{9A19103F-16F7-4668-BE54-9A1E7A4F7556}") = "Assimalign.OGraph.Client", "src\Assimalign.OGraph.Client\Assimalign.OGraph.Client.csproj", "{EF05D245-AB7A-478E-94F6-1C05D8A9C9FF}"
EndProject
Project("{2150E333-8FDC-42A3-9474-1A3956D46DE8}") = "core", "core", "{C48C651D-1687-49A6-905B-11C5579FDCFB}"
EndProject
Project("{9A19103F-16F7-4668-BE54-9A1E7A4F7556}") = "Assimalign.OGraph.Core", "src\Assimalign.OGraph.Core\Assimalign.OGraph.Core.csproj", "{76BC8885-697B-4D37-9B02-AFC45E457E44}"
EndProject
Project("{2150E333-8FDC-42A3-9474-1A3956D46DE8}") = "benchmark", "benchmark", "{BB314F4C-A0B7-4861-BA8A-DA7C9831566E}"
EndProject
Project("{FAE04EC0-301F-11D3-BF4B-00C04F79EFBC}") = "Assimalign.OGraph.Security", "src\Assimalign.OGraph.Security\Assimalign.OGraph.Security.csproj", "{41649C17-C42C-4C8D-8F78-A0F1F7D2D7EC}"
EndProject
Project("{9A19103F-16F7-4668-BE54-9A1E7A4F7556}") = "Assimalign.OGraph.AspNetCore.App", "benchmark\Assimalign.OGraph.AspNetCore.App\Assimalign.OGraph.AspNetCore.App.csproj", "{96C5228B-9A5A-48B7-B384-FF62E10ED237}"
EndProject
Project("{FAE04EC0-301F-11D3-BF4B-00C04F79EFBC}") = "Assimalign.OGraph.AspNetCore", "benchmark\Assimalign.OGraph.AspNetCore\Assimalign.OGraph.AspNetCore.csproj", "{A4840505-083C-48C0-A93D-410027661194}"
EndProject
Global
	GlobalSection(SolutionConfigurationPlatforms) = preSolution
		Debug|Any CPU = Debug|Any CPU
		Release|Any CPU = Release|Any CPU
	EndGlobalSection
	GlobalSection(ProjectConfigurationPlatforms) = postSolution
		{258EFAD1-ADC4-40CC-B04E-6DF787EC4885}.Debug|Any CPU.ActiveCfg = Debug|Any CPU
		{258EFAD1-ADC4-40CC-B04E-6DF787EC4885}.Debug|Any CPU.Build.0 = Debug|Any CPU
		{258EFAD1-ADC4-40CC-B04E-6DF787EC4885}.Release|Any CPU.ActiveCfg = Release|Any CPU
		{258EFAD1-ADC4-40CC-B04E-6DF787EC4885}.Release|Any CPU.Build.0 = Release|Any CPU
		{82D0510F-8CE0-4F0F-A944-7B2C93052F9A}.Debug|Any CPU.ActiveCfg = Debug|Any CPU
		{82D0510F-8CE0-4F0F-A944-7B2C93052F9A}.Debug|Any CPU.Build.0 = Debug|Any CPU
		{82D0510F-8CE0-4F0F-A944-7B2C93052F9A}.Release|Any CPU.ActiveCfg = Release|Any CPU
		{82D0510F-8CE0-4F0F-A944-7B2C93052F9A}.Release|Any CPU.Build.0 = Release|Any CPU
		{EF05D245-AB7A-478E-94F6-1C05D8A9C9FF}.Debug|Any CPU.ActiveCfg = Debug|Any CPU
		{EF05D245-AB7A-478E-94F6-1C05D8A9C9FF}.Debug|Any CPU.Build.0 = Debug|Any CPU
		{EF05D245-AB7A-478E-94F6-1C05D8A9C9FF}.Release|Any CPU.ActiveCfg = Release|Any CPU
		{EF05D245-AB7A-478E-94F6-1C05D8A9C9FF}.Release|Any CPU.Build.0 = Release|Any CPU
		{76BC8885-697B-4D37-9B02-AFC45E457E44}.Debug|Any CPU.ActiveCfg = Debug|Any CPU
		{76BC8885-697B-4D37-9B02-AFC45E457E44}.Debug|Any CPU.Build.0 = Debug|Any CPU
		{76BC8885-697B-4D37-9B02-AFC45E457E44}.Release|Any CPU.ActiveCfg = Release|Any CPU
		{76BC8885-697B-4D37-9B02-AFC45E457E44}.Release|Any CPU.Build.0 = Release|Any CPU
		{41649C17-C42C-4C8D-8F78-A0F1F7D2D7EC}.Debug|Any CPU.ActiveCfg = Debug|Any CPU
		{41649C17-C42C-4C8D-8F78-A0F1F7D2D7EC}.Debug|Any CPU.Build.0 = Debug|Any CPU
		{41649C17-C42C-4C8D-8F78-A0F1F7D2D7EC}.Release|Any CPU.ActiveCfg = Release|Any CPU
		{41649C17-C42C-4C8D-8F78-A0F1F7D2D7EC}.Release|Any CPU.Build.0 = Release|Any CPU
		{96C5228B-9A5A-48B7-B384-FF62E10ED237}.Debug|Any CPU.ActiveCfg = Debug|Any CPU
		{96C5228B-9A5A-48B7-B384-FF62E10ED237}.Debug|Any CPU.Build.0 = Debug|Any CPU
		{96C5228B-9A5A-48B7-B384-FF62E10ED237}.Release|Any CPU.ActiveCfg = Release|Any CPU
		{96C5228B-9A5A-48B7-B384-FF62E10ED237}.Release|Any CPU.Build.0 = Release|Any CPU
		{A4840505-083C-48C0-A93D-410027661194}.Debug|Any CPU.ActiveCfg = Debug|Any CPU
		{A4840505-083C-48C0-A93D-410027661194}.Debug|Any CPU.Build.0 = Debug|Any CPU
		{A4840505-083C-48C0-A93D-410027661194}.Release|Any CPU.ActiveCfg = Release|Any CPU
		{A4840505-083C-48C0-A93D-410027661194}.Release|Any CPU.Build.0 = Release|Any CPU
	EndGlobalSection
	GlobalSection(SolutionProperties) = preSolution
		HideSolutionNode = FALSE
	EndGlobalSection
	GlobalSection(NestedProjects) = preSolution
		{258EFAD1-ADC4-40CC-B04E-6DF787EC4885} = {A7772D96-73BB-4CA9-AA56-A6083767F27F}
		{82D0510F-8CE0-4F0F-A944-7B2C93052F9A} = {F832D709-0CCC-4B14-976A-467167944BAE}
		{EF05D245-AB7A-478E-94F6-1C05D8A9C9FF} = {A7772D96-73BB-4CA9-AA56-A6083767F27F}
		{76BC8885-697B-4D37-9B02-AFC45E457E44} = {C48C651D-1687-49A6-905B-11C5579FDCFB}
		{41649C17-C42C-4C8D-8F78-A0F1F7D2D7EC} = {A7772D96-73BB-4CA9-AA56-A6083767F27F}
		{96C5228B-9A5A-48B7-B384-FF62E10ED237} = {BB314F4C-A0B7-4861-BA8A-DA7C9831566E}
		{A4840505-083C-48C0-A93D-410027661194} = {BB314F4C-A0B7-4861-BA8A-DA7C9831566E}
	EndGlobalSection
	GlobalSection(ExtensibilityGlobals) = postSolution
		SolutionGuid = {64E79EA5-8DCB-4919-BA27-1A5EB89F839B}
	EndGlobalSection
EndGlobal
