
Microsoft Visual Studio Solution File, Format Version 12.00
# Visual Studio Version 17
VisualStudioVersion = 17.0.31903.59
MinimumVisualStudioVersion = 10.0.40219.1
Project("{2150E333-8FDC-42A3-9474-1A3956D46DE8}") = "common", "common", "{41C23FC6-70DD-43E5-9961-9C4182713934}"
EndProject
Project("{2150E333-8FDC-42A3-9474-1A3956D46DE8}") = "src", "src", "{6241B287-E5DF-478F-87E1-7A7A994E39A8}"
EndProject
Project("{FAE04EC0-301F-11D3-BF4B-00C04F79EFBC}") = "ErpCore", "common\src\ErpCore\ErpCore.csproj", "{132CCC39-808B-4ED0-9466-136812AB50CE}"
EndProject
Project("{2150E333-8FDC-42A3-9474-1A3956D46DE8}") = "domains", "domains", "{0644749A-E0F3-4EDA-AE3D-0291F3D8D624}"
EndProject
Project("{2150E333-8FDC-42A3-9474-1A3956D46DE8}") = "src", "src", "{03B0BB5D-420E-43F7-85F0-778A09C29D74}"
EndProject
Project("{FAE04EC0-301F-11D3-BF4B-00C04F79EFBC}") = "ErpCore.Customers", "domains\src\ErpCore.Customers\ErpCore.Customers.csproj", "{AD9DF651-4A29-4C23-894C-ADFE2E4043CD}"
EndProject
Project("{FAE04EC0-301F-11D3-BF4B-00C04F79EFBC}") = "ErpCore.Gateway", "domains\src\ErpCore.Gateway\ErpCore.Gateway.csproj", "{22BECABA-31CB-49F7-B18E-0B299C7FECFD}"
EndProject
Project("{FAE04EC0-301F-11D3-BF4B-00C04F79EFBC}") = "ErpCore.Sales", "domains\src\ErpCore.Sales\ErpCore.Sales.csproj", "{2C9565D6-F6D8-44A0-B34A-166AFE21CC28}"
EndProject
Project("{FAE04EC0-301F-11D3-BF4B-00C04F79EFBC}") = "ErpCore.Users", "domains\src\ErpCore.Users\ErpCore.Users.csproj", "{10267B72-A2F4-47FD-BDB7-81CCDA385455}"
EndProject
Project("{2150E333-8FDC-42A3-9474-1A3956D46DE8}") = "infrastructure", "infrastructure", "{35F9F986-1069-4942-8C34-A3AB0ED5EBEB}"
EndProject
Project("{2150E333-8FDC-42A3-9474-1A3956D46DE8}") = "src", "src", "{854B39ED-8238-43C3-8D43-6541FD53A2F5}"
EndProject
Project("{FAE04EC0-301F-11D3-BF4B-00C04F79EFBC}") = "ErpCore.Database", "infrastructure\src\ErpCore.Database\ErpCore.Database.csproj", "{164F4E99-C91C-48A9-8639-7EE380A4C95F}"
EndProject
Global
	GlobalSection(SolutionConfigurationPlatforms) = preSolution
		Debug|Any CPU = Debug|Any CPU
		Release|Any CPU = Release|Any CPU
	EndGlobalSection
	GlobalSection(SolutionProperties) = preSolution
		HideSolutionNode = FALSE
	EndGlobalSection
	GlobalSection(ProjectConfigurationPlatforms) = postSolution
		{132CCC39-808B-4ED0-9466-136812AB50CE}.Debug|Any CPU.ActiveCfg = Debug|Any CPU
		{132CCC39-808B-4ED0-9466-136812AB50CE}.Debug|Any CPU.Build.0 = Debug|Any CPU
		{132CCC39-808B-4ED0-9466-136812AB50CE}.Release|Any CPU.ActiveCfg = Release|Any CPU
		{132CCC39-808B-4ED0-9466-136812AB50CE}.Release|Any CPU.Build.0 = Release|Any CPU
		{AD9DF651-4A29-4C23-894C-ADFE2E4043CD}.Debug|Any CPU.ActiveCfg = Debug|Any CPU
		{AD9DF651-4A29-4C23-894C-ADFE2E4043CD}.Debug|Any CPU.Build.0 = Debug|Any CPU
		{AD9DF651-4A29-4C23-894C-ADFE2E4043CD}.Release|Any CPU.ActiveCfg = Release|Any CPU
		{AD9DF651-4A29-4C23-894C-ADFE2E4043CD}.Release|Any CPU.Build.0 = Release|Any CPU
		{22BECABA-31CB-49F7-B18E-0B299C7FECFD}.Debug|Any CPU.ActiveCfg = Debug|Any CPU
		{22BECABA-31CB-49F7-B18E-0B299C7FECFD}.Debug|Any CPU.Build.0 = Debug|Any CPU
		{22BECABA-31CB-49F7-B18E-0B299C7FECFD}.Release|Any CPU.ActiveCfg = Release|Any CPU
		{22BECABA-31CB-49F7-B18E-0B299C7FECFD}.Release|Any CPU.Build.0 = Release|Any CPU
		{2C9565D6-F6D8-44A0-B34A-166AFE21CC28}.Debug|Any CPU.ActiveCfg = Debug|Any CPU
		{2C9565D6-F6D8-44A0-B34A-166AFE21CC28}.Debug|Any CPU.Build.0 = Debug|Any CPU
		{2C9565D6-F6D8-44A0-B34A-166AFE21CC28}.Release|Any CPU.ActiveCfg = Release|Any CPU
		{2C9565D6-F6D8-44A0-B34A-166AFE21CC28}.Release|Any CPU.Build.0 = Release|Any CPU
		{10267B72-A2F4-47FD-BDB7-81CCDA385455}.Debug|Any CPU.ActiveCfg = Debug|Any CPU
		{10267B72-A2F4-47FD-BDB7-81CCDA385455}.Debug|Any CPU.Build.0 = Debug|Any CPU
		{10267B72-A2F4-47FD-BDB7-81CCDA385455}.Release|Any CPU.ActiveCfg = Release|Any CPU
		{10267B72-A2F4-47FD-BDB7-81CCDA385455}.Release|Any CPU.Build.0 = Release|Any CPU
		{164F4E99-C91C-48A9-8639-7EE380A4C95F}.Debug|Any CPU.ActiveCfg = Debug|Any CPU
		{164F4E99-C91C-48A9-8639-7EE380A4C95F}.Debug|Any CPU.Build.0 = Debug|Any CPU
		{164F4E99-C91C-48A9-8639-7EE380A4C95F}.Release|Any CPU.ActiveCfg = Release|Any CPU
		{164F4E99-C91C-48A9-8639-7EE380A4C95F}.Release|Any CPU.Build.0 = Release|Any CPU
	EndGlobalSection
	GlobalSection(NestedProjects) = preSolution
		{6241B287-E5DF-478F-87E1-7A7A994E39A8} = {41C23FC6-70DD-43E5-9961-9C4182713934}
		{132CCC39-808B-4ED0-9466-136812AB50CE} = {6241B287-E5DF-478F-87E1-7A7A994E39A8}
		{03B0BB5D-420E-43F7-85F0-778A09C29D74} = {0644749A-E0F3-4EDA-AE3D-0291F3D8D624}
		{AD9DF651-4A29-4C23-894C-ADFE2E4043CD} = {03B0BB5D-420E-43F7-85F0-778A09C29D74}
		{22BECABA-31CB-49F7-B18E-0B299C7FECFD} = {03B0BB5D-420E-43F7-85F0-778A09C29D74}
		{2C9565D6-F6D8-44A0-B34A-166AFE21CC28} = {03B0BB5D-420E-43F7-85F0-778A09C29D74}
		{10267B72-A2F4-47FD-BDB7-81CCDA385455} = {03B0BB5D-420E-43F7-85F0-778A09C29D74}
		{854B39ED-8238-43C3-8D43-6541FD53A2F5} = {35F9F986-1069-4942-8C34-A3AB0ED5EBEB}
		{164F4E99-C91C-48A9-8639-7EE380A4C95F} = {854B39ED-8238-43C3-8D43-6541FD53A2F5}
	EndGlobalSection
EndGlobal
